
Microsoft Visual Studio Solution File, Format Version 12.00
# Visual Studio Version 17
VisualStudioVersion = 17.5.002.0
MinimumVisualStudioVersion = 10.0.40219.1
Project("{9A19103F-16F7-4668-BE54-9A1E7A4F7556}") = "primaEsercitazione", "primaEsercitazione\primaEsercitazione.csproj", "{C7D6EB4F-0A34-43BC-BCAA-1FF6D1FBB56A}"
EndProject
Project("{FAE04EC0-301F-11D3-BF4B-00C04F79EFBC}") = "secondaEsercitazione", "secondaEsercitazione\secondaEsercitazione.csproj", "{85BD3D9E-29D9-4F4E-9A50-5AD84AD4BDE9}"
EndProject
Project("{FAE04EC0-301F-11D3-BF4B-00C04F79EFBC}") = "40-spectreApp", "40-spectreApp\40-spectreApp.csproj", "{B9C2FBD1-7399-4048-BEF9-1707A09A1715}"
EndProject
Project("{FAE04EC0-301F-11D3-BF4B-00C04F79EFBC}") = "42-partecipantiListaSquadre", "42-partecipantiListaSquadre\42-partecipantiListaSquadre.csproj", "{77C6FE37-49F4-40FA-AC9E-12802B11FCAB}"
EndProject
Project("{2150E333-8FDC-42A3-9474-1A3956D46DE8}") = "verificheCompetenze", "verificheCompetenze", "{EA611211-B0E3-4312-906D-32EBFFD41CF6}"
EndProject
Project("{FAE04EC0-301F-11D3-BF4B-00C04F79EFBC}") = "04-partPulito", "verificheCompetenze\04-partPulito\04-partPulito.csproj", "{CB8312E1-2ABA-44B0-8E4C-D5C320080E28}"
EndProject
Project("{FAE04EC0-301F-11D3-BF4B-00C04F79EFBC}") = "30-yathzee", "30-yathzee\30-yathzee.csproj", "{574CE463-99D2-4E76-97B6-9C4CCD61D867}"
EndProject
Project("{FAE04EC0-301F-11D3-BF4B-00C04F79EFBC}") = "44-arrayFromTxt", "44-arrayFromTxt\44-arrayFromTxt.csproj", "{587611A2-01AC-44D6-AF13-8574E4445240}"
EndProject
Project("{FAE04EC0-301F-11D3-BF4B-00C04F79EFBC}") = "43-letturaTxt", "43-letturaTxt\43-letturaTxt.csproj", "{7ED01AE6-C289-4509-9C02-B0F29F6A2022}"
EndProject
Project("{FAE04EC0-301F-11D3-BF4B-00C04F79EFBC}") = "45-arraySelectionTxt", "45-arraySelectionTxt\45-arraySelectionTxt.csproj", "{67360EE0-02E9-42B4-9CD1-149B76C1776A}"
EndProject
Project("{FAE04EC0-301F-11D3-BF4B-00C04F79EFBC}") = "46-writeTxt", "46-writeTxt\46-writeTxt.csproj", "{C1F61A9D-43B1-4F80-A834-F1D86D2D86E4}"
EndProject
Project("{FAE04EC0-301F-11D3-BF4B-00C04F79EFBC}") = "47-modifyTxt", "47-modifyTxt\47-modifyTxt.csproj", "{A88E1F14-CEC0-4C74-AA4C-77EE0EA33F1E}"
EndProject
Project("{FAE04EC0-301F-11D3-BF4B-00C04F79EFBC}") = "49-sorteggioTxt", "49-sorteggioTxt\49-sorteggioTxt.csproj", "{CBC821FB-7AF7-4D34-8B40-436146C37FEB}"
EndProject
Project("{FAE04EC0-301F-11D3-BF4B-00C04F79EFBC}") = "50-sorteggioLetturaScritturaTxt", "50-sorteggioLetturaScritturaTxt\50-sorteggioLetturaScritturaTxt.csproj", "{E87C1EB4-B24B-43C9-8CA2-8631D738BBD9}"
EndProject
Project("{FAE04EC0-301F-11D3-BF4B-00C04F79EFBC}") = "51-scriviTxtCondizioni", "51-scriviTxtCondizioni\51-scriviTxtCondizioni.csproj", "{475B99A3-192E-49E0-B9D1-F0FBF19A2451}"
EndProject
Project("{FAE04EC0-301F-11D3-BF4B-00C04F79EFBC}") = "52-scriviTxtCondizioniPro", "52-scriviTxtCondizioniPro\52-scriviTxtCondizioniPro.csproj", "{E5B4DE90-0E91-4D59-8996-64E905B6927F}"
EndProject
Project("{FAE04EC0-301F-11D3-BF4B-00C04F79EFBC}") = "53-diceGameProMermaidSpectre", "53-diceGameProMermaidSpectre\53-diceGameProMermaidSpectre.csproj", "{DB3D3669-0BF9-44DA-A328-0625097434C9}"
EndProject
Project("{FAE04EC0-301F-11D3-BF4B-00C04F79EFBC}") = "54-sorteggiaPartecipantiPersistenza", "54-sorteggiaPartecipantiPersistenza\54-sorteggiaPartecipantiPersistenza.csproj", "{126630E8-F57C-46F6-931B-7F1DD8DF6218}"
EndProject
Global
	GlobalSection(SolutionConfigurationPlatforms) = preSolution
		Debug|Any CPU = Debug|Any CPU
		Release|Any CPU = Release|Any CPU
	EndGlobalSection
	GlobalSection(ProjectConfigurationPlatforms) = postSolution
		{C7D6EB4F-0A34-43BC-BCAA-1FF6D1FBB56A}.Debug|Any CPU.ActiveCfg = Debug|Any CPU
		{C7D6EB4F-0A34-43BC-BCAA-1FF6D1FBB56A}.Debug|Any CPU.Build.0 = Debug|Any CPU
		{C7D6EB4F-0A34-43BC-BCAA-1FF6D1FBB56A}.Release|Any CPU.ActiveCfg = Release|Any CPU
		{C7D6EB4F-0A34-43BC-BCAA-1FF6D1FBB56A}.Release|Any CPU.Build.0 = Release|Any CPU
		{85BD3D9E-29D9-4F4E-9A50-5AD84AD4BDE9}.Debug|Any CPU.ActiveCfg = Debug|Any CPU
		{85BD3D9E-29D9-4F4E-9A50-5AD84AD4BDE9}.Debug|Any CPU.Build.0 = Debug|Any CPU
		{85BD3D9E-29D9-4F4E-9A50-5AD84AD4BDE9}.Release|Any CPU.ActiveCfg = Release|Any CPU
		{85BD3D9E-29D9-4F4E-9A50-5AD84AD4BDE9}.Release|Any CPU.Build.0 = Release|Any CPU
		{B9C2FBD1-7399-4048-BEF9-1707A09A1715}.Debug|Any CPU.ActiveCfg = Debug|Any CPU
		{B9C2FBD1-7399-4048-BEF9-1707A09A1715}.Debug|Any CPU.Build.0 = Debug|Any CPU
		{B9C2FBD1-7399-4048-BEF9-1707A09A1715}.Release|Any CPU.ActiveCfg = Release|Any CPU
		{B9C2FBD1-7399-4048-BEF9-1707A09A1715}.Release|Any CPU.Build.0 = Release|Any CPU
		{77C6FE37-49F4-40FA-AC9E-12802B11FCAB}.Debug|Any CPU.ActiveCfg = Debug|Any CPU
		{77C6FE37-49F4-40FA-AC9E-12802B11FCAB}.Debug|Any CPU.Build.0 = Debug|Any CPU
		{77C6FE37-49F4-40FA-AC9E-12802B11FCAB}.Release|Any CPU.ActiveCfg = Release|Any CPU
		{77C6FE37-49F4-40FA-AC9E-12802B11FCAB}.Release|Any CPU.Build.0 = Release|Any CPU
		{CB8312E1-2ABA-44B0-8E4C-D5C320080E28}.Debug|Any CPU.ActiveCfg = Debug|Any CPU
		{CB8312E1-2ABA-44B0-8E4C-D5C320080E28}.Debug|Any CPU.Build.0 = Debug|Any CPU
		{CB8312E1-2ABA-44B0-8E4C-D5C320080E28}.Release|Any CPU.ActiveCfg = Release|Any CPU
		{CB8312E1-2ABA-44B0-8E4C-D5C320080E28}.Release|Any CPU.Build.0 = Release|Any CPU
		{574CE463-99D2-4E76-97B6-9C4CCD61D867}.Debug|Any CPU.ActiveCfg = Debug|Any CPU
		{574CE463-99D2-4E76-97B6-9C4CCD61D867}.Debug|Any CPU.Build.0 = Debug|Any CPU
		{574CE463-99D2-4E76-97B6-9C4CCD61D867}.Release|Any CPU.ActiveCfg = Release|Any CPU
		{574CE463-99D2-4E76-97B6-9C4CCD61D867}.Release|Any CPU.Build.0 = Release|Any CPU
		{587611A2-01AC-44D6-AF13-8574E4445240}.Debug|Any CPU.ActiveCfg = Debug|Any CPU
		{587611A2-01AC-44D6-AF13-8574E4445240}.Debug|Any CPU.Build.0 = Debug|Any CPU
		{587611A2-01AC-44D6-AF13-8574E4445240}.Release|Any CPU.ActiveCfg = Release|Any CPU
		{587611A2-01AC-44D6-AF13-8574E4445240}.Release|Any CPU.Build.0 = Release|Any CPU
		{7ED01AE6-C289-4509-9C02-B0F29F6A2022}.Debug|Any CPU.ActiveCfg = Debug|Any CPU
		{7ED01AE6-C289-4509-9C02-B0F29F6A2022}.Debug|Any CPU.Build.0 = Debug|Any CPU
		{7ED01AE6-C289-4509-9C02-B0F29F6A2022}.Release|Any CPU.ActiveCfg = Release|Any CPU
		{7ED01AE6-C289-4509-9C02-B0F29F6A2022}.Release|Any CPU.Build.0 = Release|Any CPU
		{67360EE0-02E9-42B4-9CD1-149B76C1776A}.Debug|Any CPU.ActiveCfg = Debug|Any CPU
		{67360EE0-02E9-42B4-9CD1-149B76C1776A}.Debug|Any CPU.Build.0 = Debug|Any CPU
		{67360EE0-02E9-42B4-9CD1-149B76C1776A}.Release|Any CPU.ActiveCfg = Release|Any CPU
		{67360EE0-02E9-42B4-9CD1-149B76C1776A}.Release|Any CPU.Build.0 = Release|Any CPU
		{C1F61A9D-43B1-4F80-A834-F1D86D2D86E4}.Debug|Any CPU.ActiveCfg = Debug|Any CPU
		{C1F61A9D-43B1-4F80-A834-F1D86D2D86E4}.Debug|Any CPU.Build.0 = Debug|Any CPU
		{C1F61A9D-43B1-4F80-A834-F1D86D2D86E4}.Release|Any CPU.ActiveCfg = Release|Any CPU
		{C1F61A9D-43B1-4F80-A834-F1D86D2D86E4}.Release|Any CPU.Build.0 = Release|Any CPU
		{A88E1F14-CEC0-4C74-AA4C-77EE0EA33F1E}.Debug|Any CPU.ActiveCfg = Debug|Any CPU
		{A88E1F14-CEC0-4C74-AA4C-77EE0EA33F1E}.Debug|Any CPU.Build.0 = Debug|Any CPU
		{A88E1F14-CEC0-4C74-AA4C-77EE0EA33F1E}.Release|Any CPU.ActiveCfg = Release|Any CPU
		{A88E1F14-CEC0-4C74-AA4C-77EE0EA33F1E}.Release|Any CPU.Build.0 = Release|Any CPU
		{CBC821FB-7AF7-4D34-8B40-436146C37FEB}.Debug|Any CPU.ActiveCfg = Debug|Any CPU
		{CBC821FB-7AF7-4D34-8B40-436146C37FEB}.Debug|Any CPU.Build.0 = Debug|Any CPU
		{CBC821FB-7AF7-4D34-8B40-436146C37FEB}.Release|Any CPU.ActiveCfg = Release|Any CPU
		{CBC821FB-7AF7-4D34-8B40-436146C37FEB}.Release|Any CPU.Build.0 = Release|Any CPU
		{E87C1EB4-B24B-43C9-8CA2-8631D738BBD9}.Debug|Any CPU.ActiveCfg = Debug|Any CPU
		{E87C1EB4-B24B-43C9-8CA2-8631D738BBD9}.Debug|Any CPU.Build.0 = Debug|Any CPU
		{E87C1EB4-B24B-43C9-8CA2-8631D738BBD9}.Release|Any CPU.ActiveCfg = Release|Any CPU
		{E87C1EB4-B24B-43C9-8CA2-8631D738BBD9}.Release|Any CPU.Build.0 = Release|Any CPU
		{475B99A3-192E-49E0-B9D1-F0FBF19A2451}.Debug|Any CPU.ActiveCfg = Debug|Any CPU
		{475B99A3-192E-49E0-B9D1-F0FBF19A2451}.Debug|Any CPU.Build.0 = Debug|Any CPU
		{475B99A3-192E-49E0-B9D1-F0FBF19A2451}.Release|Any CPU.ActiveCfg = Release|Any CPU
		{475B99A3-192E-49E0-B9D1-F0FBF19A2451}.Release|Any CPU.Build.0 = Release|Any CPU
		{E5B4DE90-0E91-4D59-8996-64E905B6927F}.Debug|Any CPU.ActiveCfg = Debug|Any CPU
		{E5B4DE90-0E91-4D59-8996-64E905B6927F}.Debug|Any CPU.Build.0 = Debug|Any CPU
		{E5B4DE90-0E91-4D59-8996-64E905B6927F}.Release|Any CPU.ActiveCfg = Release|Any CPU
		{E5B4DE90-0E91-4D59-8996-64E905B6927F}.Release|Any CPU.Build.0 = Release|Any CPU
		{DB3D3669-0BF9-44DA-A328-0625097434C9}.Debug|Any CPU.ActiveCfg = Debug|Any CPU
		{DB3D3669-0BF9-44DA-A328-0625097434C9}.Debug|Any CPU.Build.0 = Debug|Any CPU
		{DB3D3669-0BF9-44DA-A328-0625097434C9}.Release|Any CPU.ActiveCfg = Release|Any CPU
		{DB3D3669-0BF9-44DA-A328-0625097434C9}.Release|Any CPU.Build.0 = Release|Any CPU
		{126630E8-F57C-46F6-931B-7F1DD8DF6218}.Debug|Any CPU.ActiveCfg = Debug|Any CPU
		{126630E8-F57C-46F6-931B-7F1DD8DF6218}.Debug|Any CPU.Build.0 = Debug|Any CPU
		{126630E8-F57C-46F6-931B-7F1DD8DF6218}.Release|Any CPU.ActiveCfg = Release|Any CPU
		{126630E8-F57C-46F6-931B-7F1DD8DF6218}.Release|Any CPU.Build.0 = Release|Any CPU
	EndGlobalSection
	GlobalSection(SolutionProperties) = preSolution
		HideSolutionNode = FALSE
	EndGlobalSection
	GlobalSection(ExtensibilityGlobals) = postSolution
		SolutionGuid = {343D03DB-56C1-4339-B0A7-1675507DA138}
	EndGlobalSection
	GlobalSection(NestedProjects) = preSolution
		{CB8312E1-2ABA-44B0-8E4C-D5C320080E28} = {EA611211-B0E3-4312-906D-32EBFFD41CF6}
	EndGlobalSection
EndGlobal
