
Microsoft Visual Studio Solution File, Format Version 12.00
# Visual Studio Version 17
VisualStudioVersion = 17.5.002.0
MinimumVisualStudioVersion = 10.0.40219.1
Project("{9A19103F-16F7-4668-BE54-9A1E7A4F7556}") = "primaEsercitazione", "primaEsercitazione\primaEsercitazione.csproj", "{C7D6EB4F-0A34-43BC-BCAA-1FF6D1FBB56A}"
EndProject
Project("{FAE04EC0-301F-11D3-BF4B-00C04F79EFBC}") = "secondaEsercitazione", "secondaEsercitazione\secondaEsercitazione.csproj", "{85BD3D9E-29D9-4F4E-9A50-5AD84AD4BDE9}"
EndProject
Project("{FAE04EC0-301F-11D3-BF4B-00C04F79EFBC}") = "40-spectreApp", "40-spectreApp\40-spectreApp.csproj", "{B9C2FBD1-7399-4048-BEF9-1707A09A1715}"
EndProject
Global
	GlobalSection(SolutionConfigurationPlatforms) = preSolution
		Debug|Any CPU = Debug|Any CPU
		Release|Any CPU = Release|Any CPU
	EndGlobalSection
	GlobalSection(ProjectConfigurationPlatforms) = postSolution
		{C7D6EB4F-0A34-43BC-BCAA-1FF6D1FBB56A}.Debug|Any CPU.ActiveCfg = Debug|Any CPU
		{C7D6EB4F-0A34-43BC-BCAA-1FF6D1FBB56A}.Debug|Any CPU.Build.0 = Debug|Any CPU
		{C7D6EB4F-0A34-43BC-BCAA-1FF6D1FBB56A}.Release|Any CPU.ActiveCfg = Release|Any CPU
		{C7D6EB4F-0A34-43BC-BCAA-1FF6D1FBB56A}.Release|Any CPU.Build.0 = Release|Any CPU
		{85BD3D9E-29D9-4F4E-9A50-5AD84AD4BDE9}.Debug|Any CPU.ActiveCfg = Debug|Any CPU
		{85BD3D9E-29D9-4F4E-9A50-5AD84AD4BDE9}.Debug|Any CPU.Build.0 = Debug|Any CPU
		{85BD3D9E-29D9-4F4E-9A50-5AD84AD4BDE9}.Release|Any CPU.ActiveCfg = Release|Any CPU
		{85BD3D9E-29D9-4F4E-9A50-5AD84AD4BDE9}.Release|Any CPU.Build.0 = Release|Any CPU
		{B9C2FBD1-7399-4048-BEF9-1707A09A1715}.Debug|Any CPU.ActiveCfg = Debug|Any CPU
		{B9C2FBD1-7399-4048-BEF9-1707A09A1715}.Debug|Any CPU.Build.0 = Debug|Any CPU
		{B9C2FBD1-7399-4048-BEF9-1707A09A1715}.Release|Any CPU.ActiveCfg = Release|Any CPU
		{B9C2FBD1-7399-4048-BEF9-1707A09A1715}.Release|Any CPU.Build.0 = Release|Any CPU
	EndGlobalSection
	GlobalSection(SolutionProperties) = preSolution
		HideSolutionNode = FALSE
	EndGlobalSection
	GlobalSection(ExtensibilityGlobals) = postSolution
		SolutionGuid = {343D03DB-56C1-4339-B0A7-1675507DA138}
	EndGlobalSection
EndGlobal
